
Microsoft Visual Studio Solution File, Format Version 12.00
# Visual Studio Version 16
VisualStudioVersion = 16.0.30717.126
MinimumVisualStudioVersion = 10.0.40219.1
Project("{9A19103F-16F7-4668-BE54-9A1E7A4F7556}") = "BackEnd.WebApi", "BackEnd.WebApi\BackEnd.WebApi.csproj", "{668F65FC-646E-4859-9B86-7BE2AA662765}"
EndProject
Project("{9A19103F-16F7-4668-BE54-9A1E7A4F7556}") = "BackEnd.DataLayer", "BackEnd.DataLayer\BackEnd.DataLayer.csproj", "{C3C42D42-F972-4E6C-8388-8CED662E80B1}"
EndProject
Project("{9A19103F-16F7-4668-BE54-9A1E7A4F7556}") = "BackEnd.Core", "BackEnd.Core\BackEnd.Core.csproj", "{957D8E00-EE02-40C0-868B-B7FD51234DD5}"
EndProject
Global
	GlobalSection(SolutionConfigurationPlatforms) = preSolution
		Debug|Any CPU = Debug|Any CPU
		Release|Any CPU = Release|Any CPU
	EndGlobalSection
	GlobalSection(ProjectConfigurationPlatforms) = postSolution
		{668F65FC-646E-4859-9B86-7BE2AA662765}.Debug|Any CPU.ActiveCfg = Debug|Any CPU
		{668F65FC-646E-4859-9B86-7BE2AA662765}.Debug|Any CPU.Build.0 = Debug|Any CPU
		{668F65FC-646E-4859-9B86-7BE2AA662765}.Release|Any CPU.ActiveCfg = Release|Any CPU
		{668F65FC-646E-4859-9B86-7BE2AA662765}.Release|Any CPU.Build.0 = Release|Any CPU
		{C3C42D42-F972-4E6C-8388-8CED662E80B1}.Debug|Any CPU.ActiveCfg = Debug|Any CPU
		{C3C42D42-F972-4E6C-8388-8CED662E80B1}.Debug|Any CPU.Build.0 = Debug|Any CPU
		{C3C42D42-F972-4E6C-8388-8CED662E80B1}.Release|Any CPU.ActiveCfg = Release|Any CPU
		{C3C42D42-F972-4E6C-8388-8CED662E80B1}.Release|Any CPU.Build.0 = Release|Any CPU
		{957D8E00-EE02-40C0-868B-B7FD51234DD5}.Debug|Any CPU.ActiveCfg = Debug|Any CPU
		{957D8E00-EE02-40C0-868B-B7FD51234DD5}.Debug|Any CPU.Build.0 = Debug|Any CPU
		{957D8E00-EE02-40C0-868B-B7FD51234DD5}.Release|Any CPU.ActiveCfg = Release|Any CPU
		{957D8E00-EE02-40C0-868B-B7FD51234DD5}.Release|Any CPU.Build.0 = Release|Any CPU
	EndGlobalSection
	GlobalSection(SolutionProperties) = preSolution
		HideSolutionNode = FALSE
	EndGlobalSection
	GlobalSection(ExtensibilityGlobals) = postSolution
		SolutionGuid = {92758FFC-D42F-4B7B-BC82-B4ACDF8E3ACC}
	EndGlobalSection
EndGlobal
